
Microsoft Visual Studio Solution File, Format Version 12.00
# Visual Studio Version 17
VisualStudioVersion = 17.2.32519.379
MinimumVisualStudioVersion = 10.0.40219.1
Project("{FAE04EC0-301F-11D3-BF4B-00C04F79EFBC}") = "StarC_Sharp", "StarC_Sharp\StarC_Sharp.csproj", "{F852EAA8-8C17-47CF-AD5A-82F62A39ED88}"
EndProject
Global
	GlobalSection(SolutionConfigurationPlatforms) = preSolution
		Debug|Any CPU = Debug|Any CPU
		Release|Any CPU = Release|Any CPU
	EndGlobalSection
	GlobalSection(ProjectConfigurationPlatforms) = postSolution
		{F852EAA8-8C17-47CF-AD5A-82F62A39ED88}.Debug|Any CPU.ActiveCfg = Debug|Any CPU
		{F852EAA8-8C17-47CF-AD5A-82F62A39ED88}.Debug|Any CPU.Build.0 = Debug|Any CPU
		{F852EAA8-8C17-47CF-AD5A-82F62A39ED88}.Release|Any CPU.ActiveCfg = Release|Any CPU
		{F852EAA8-8C17-47CF-AD5A-82F62A39ED88}.Release|Any CPU.Build.0 = Release|Any CPU
	EndGlobalSection
	GlobalSection(SolutionProperties) = preSolution
		HideSolutionNode = FALSE
	EndGlobalSection
	GlobalSection(ExtensibilityGlobals) = postSolution
		SolutionGuid = {CA6C415D-CE5D-4014-A176-DC42E0F3B884}
	EndGlobalSection
EndGlobal
